PODS:
  - boost (1.76.0)
  - DoubleConversion (1.1.6)
  - FBLazyVector (0.71.8)
  - FBReactNativeSpec (0.71.8):
    - RCT-Folly (= 2021.07.22.00)
    - RCTRequired (= 0.71.8)
    - RCTTypeSafety (= 0.71.8)
    - React-Core (= 0.71.8)
    - React-jsi (= 0.71.8)
    - ReactCommon/turbomodule/core (= 0.71.8)
  - Firebase/Auth (9.1.0):
    - Firebase/CoreOnly
    - FirebaseAuth (~> 9.1.0)
  - Firebase/CoreOnly (9.1.0):
    - FirebaseCore (= 9.1.0)
  - Firebase/Functions (9.1.0):
    - Firebase/CoreOnly
    - FirebaseFunctions (~> 9.1.0)
  - FirebaseAppCheckInterop (9.6.0)
  - FirebaseAuth (9.1.0):
    - FirebaseCore (~> 9.0)
    - GoogleUtilities/AppDelegateSwizzler (~> 7.7)
    - GoogleUtilities/Environment (~> 7.7)
    - GTMSessionFetcher/Core (< 3.0, >= 1.7)
  - FirebaseAuthInterop (9.6.0)
  - FirebaseCore (9.1.0):
    - FirebaseCoreDiagnostics (~> 9.0)
    - FirebaseCoreInternal (~> 9.0)
    - GoogleUtilities/Environment (~> 7.7)
    - GoogleUtilities/Logger (~> 7.7)
  - FirebaseCoreDiagnostics (9.6.0):
    - GoogleDataTransport (< 10.0.0, >= 9.1.4)
    - GoogleUtilities/Environment (~> 7.7)
    - GoogleUtilities/Logger (~> 7.7)
    - nanopb (< 2.30910.0, >= 2.30908.0)
  - FirebaseCoreExtension (9.6.0):
    - FirebaseCore (~> 9.0)
  - FirebaseCoreInternal (9.6.0):
    - "GoogleUtilities/NSData+zlib (~> 7.7)"
  - FirebaseFunctions (9.1.0):
    - FirebaseAppCheckInterop (~> 9.0)
    - FirebaseAuthInterop (~> 9.0)
    - FirebaseCore (~> 9.0)
    - FirebaseCoreExtension (~> 9.0)
    - FirebaseMessagingInterop (~> 9.0)
    - FirebaseSharedSwift (~> 9.0)
    - GTMSessionFetcher/Core (< 3.0, >= 1.7)
  - FirebaseMessagingInterop (9.6.0)
  - FirebaseSharedSwift (9.6.0)
  - fmt (6.2.1)
  - glog (0.3.5)
  - GoogleDataTransport (9.2.3):
    - GoogleUtilities/Environment (~> 7.7)
    - nanopb (< 2.30910.0, >= 2.30908.0)
    - PromisesObjC (< 3.0, >= 1.2)
  - GoogleUtilities/AppDelegateSwizzler (7.11.1):
    - GoogleUtilities/Environment
    - GoogleUtilities/Logger
    - GoogleUtilities/Network
  - GoogleUtilities/Environment (7.11.1):
    - PromisesObjC (< 3.0, >= 1.2)
  - GoogleUtilities/Logger (7.11.1):
    - GoogleUtilities/Environment
  - GoogleUtilities/Network (7.11.1):
    - GoogleUtilities/Logger
    - "GoogleUtilities/NSData+zlib"
    - GoogleUtilities/Reachability
  - "GoogleUtilities/NSData+zlib (7.11.1)"
  - GoogleUtilities/Reachability (7.11.1):
    - GoogleUtilities/Logger
  - GTMSessionFetcher/Core (2.3.0)
  - lottie-ios (3.4.0)
  - lottie-react-native (5.1.5):
    - lottie-ios (~> 3.4.0)
    - React-Core
  - nanopb (2.30909.0):
    - nanopb/decode (= 2.30909.0)
    - nanopb/encode (= 2.30909.0)
  - nanopb/decode (2.30909.0)
  - nanopb/encode (2.30909.0)
  - PromisesObjC (2.2.0)
  - RCT-Folly (2021.07.22.00):
    - boost
    - DoubleConversion
    - fmt (~> 6.2.1)
    - glog
    - RCT-Folly/Default (= 2021.07.22.00)
  - RCT-Folly/Default (2021.07.22.00):
    - boost
    - DoubleConversion
    - fmt (~> 6.2.1)
    - glog
  - RCTRequired (0.71.8)
  - RCTTypeSafety (0.71.8):
    - FBLazyVector (= 0.71.8)
    - RCTRequired (= 0.71.8)
    - React-Core (= 0.71.8)
  - React (0.71.8):
    - React-Core (= 0.71.8)
    - React-Core/DevSupport (= 0.71.8)
    - React-Core/RCTWebSocket (= 0.71.8)
    - React-RCTActionSheet (= 0.71.8)
    - React-RCTAnimation (= 0.71.8)
    - React-RCTBlob (= 0.71.8)
    - React-RCTImage (= 0.71.8)
    - React-RCTLinking (= 0.71.8)
    - React-RCTNetwork (= 0.71.8)
    - React-RCTSettings (= 0.71.8)
    - React-RCTText (= 0.71.8)
    - React-RCTVibration (= 0.71.8)
  - React-callinvoker (0.71.8)
  - React-Codegen (0.71.8):
    - FBReactNativeSpec
    - RCT-Folly
    - RCTRequired
    - RCTTypeSafety
    - React-Core
    - React-jsc
    - React-jsi
    - React-jsiexecutor
    - ReactCommon/turbomodule/bridging
    - ReactCommon/turbomodule/core
  - React-Core (0.71.8):
    - glog
    - RCT-Folly (= 2021.07.22.00)
    - React-Core/Default (= 0.71.8)
    - React-cxxreact (= 0.71.8)
    - React-jsc
    - React-jsi (= 0.71.8)
    - React-jsiexecutor (= 0.71.8)
    - React-perflogger (= 0.71.8)
    - Yoga
  - React-Core/CoreModulesHeaders (0.71.8):
    - glog
    - RCT-Folly (= 2021.07.22.00)
    - React-Core/Default
    - React-cxxreact (= 0.71.8)
    - React-jsc
    - React-jsi (= 0.71.8)
    - React-jsiexecutor (= 0.71.8)
    - React-perflogger (= 0.71.8)
    - Yoga
  - React-Core/Default (0.71.8):
    - glog
    - RCT-Folly (= 2021.07.22.00)
    - React-cxxreact (= 0.71.8)
    - React-jsc
    - React-jsi (= 0.71.8)
    - React-jsiexecutor (= 0.71.8)
    - React-perflogger (= 0.71.8)
    - Yoga
  - React-Core/DevSupport (0.71.8):
    - glog
    - RCT-Folly (= 2021.07.22.00)
    - React-Core/Default (= 0.71.8)
    - React-Core/RCTWebSocket (= 0.71.8)
    - React-cxxreact (= 0.71.8)
    - React-jsc
    - React-jsi (= 0.71.8)
    - React-jsiexecutor (= 0.71.8)
    - React-jsinspector (= 0.71.8)
    - React-perflogger (= 0.71.8)
    - Yoga
  - React-Core/RCTActionSheetHeaders (0.71.8):
    - glog
    - RCT-Folly (= 2021.07.22.00)
    - React-Core/Default
    - React-cxxreact (= 0.71.8)
    - React-jsc
    - React-jsi (= 0.71.8)
    - React-jsiexecutor (= 0.71.8)
    - React-perflogger (= 0.71.8)
    - Yoga
  - React-Core/RCTAnimationHeaders (0.71.8):
    - glog
    - RCT-Folly (= 2021.07.22.00)
    - React-Core/Default
    - React-cxxreact (= 0.71.8)
    - React-jsc
    - React-jsi (= 0.71.8)
    - React-jsiexecutor (= 0.71.8)
    - React-perflogger (= 0.71.8)
    - Yoga
  - React-Core/RCTBlobHeaders (0.71.8):
    - glog
    - RCT-Folly (= 2021.07.22.00)
    - React-Core/Default
    - React-cxxreact (= 0.71.8)
    - React-jsc
    - React-jsi (= 0.71.8)
    - React-jsiexecutor (= 0.71.8)
    - React-perflogger (= 0.71.8)
    - Yoga
  - React-Core/RCTImageHeaders (0.71.8):
    - glog
    - RCT-Folly (= 2021.07.22.00)
    - React-Core/Default
    - React-cxxreact (= 0.71.8)
    - React-jsc
    - React-jsi (= 0.71.8)
    - React-jsiexecutor (= 0.71.8)
    - React-perflogger (= 0.71.8)
    - Yoga
  - React-Core/RCTLinkingHeaders (0.71.8):
    - glog
    - RCT-Folly (= 2021.07.22.00)
    - React-Core/Default
    - React-cxxreact (= 0.71.8)
    - React-jsc
    - React-jsi (= 0.71.8)
    - React-jsiexecutor (= 0.71.8)
    - React-perflogger (= 0.71.8)
    - Yoga
  - React-Core/RCTNetworkHeaders (0.71.8):
    - glog
    - RCT-Folly (= 2021.07.22.00)
    - React-Core/Default
    - React-cxxreact (= 0.71.8)
    - React-jsc
    - React-jsi (= 0.71.8)
    - React-jsiexecutor (= 0.71.8)
    - React-perflogger (= 0.71.8)
    - Yoga
  - React-Core/RCTSettingsHeaders (0.71.8):
    - glog
    - RCT-Folly (= 2021.07.22.00)
    - React-Core/Default
    - React-cxxreact (= 0.71.8)
    - React-jsc
    - React-jsi (= 0.71.8)
    - React-jsiexecutor (= 0.71.8)
    - React-perflogger (= 0.71.8)
    - Yoga
  - React-Core/RCTTextHeaders (0.71.8):
    - glog
    - RCT-Folly (= 2021.07.22.00)
    - React-Core/Default
    - React-cxxreact (= 0.71.8)
    - React-jsc
    - React-jsi (= 0.71.8)
    - React-jsiexecutor (= 0.71.8)
    - React-perflogger (= 0.71.8)
    - Yoga
  - React-Core/RCTVibrationHeaders (0.71.8):
    - glog
    - RCT-Folly (= 2021.07.22.00)
    - React-Core/Default
    - React-cxxreact (= 0.71.8)
    - React-jsc
    - React-jsi (= 0.71.8)
    - React-jsiexecutor (= 0.71.8)
    - React-perflogger (= 0.71.8)
    - Yoga
  - React-Core/RCTWebSocket (0.71.8):
    - glog
    - RCT-Folly (= 2021.07.22.00)
    - React-Core/Default (= 0.71.8)
    - React-cxxreact (= 0.71.8)
    - React-jsc
    - React-jsi (= 0.71.8)
    - React-jsiexecutor (= 0.71.8)
    - React-perflogger (= 0.71.8)
    - Yoga
  - React-CoreModules (0.71.8):
    - RCT-Folly (= 2021.07.22.00)
    - RCTTypeSafety (= 0.71.8)
    - React-Codegen (= 0.71.8)
    - React-Core/CoreModulesHeaders (= 0.71.8)
    - React-jsi (= 0.71.8)
    - React-RCTBlob
    - React-RCTImage (= 0.71.8)
    - ReactCommon/turbomodule/core (= 0.71.8)
  - React-cxxreact (0.71.8):
    - boost (= 1.76.0)
    - DoubleConversion
    - glog
    - RCT-Folly (= 2021.07.22.00)
    - React-callinvoker (= 0.71.8)
    - React-jsi (= 0.71.8)
    - React-jsinspector (= 0.71.8)
    - React-logger (= 0.71.8)
    - React-perflogger (= 0.71.8)
    - React-runtimeexecutor (= 0.71.8)
  - React-jsc (0.71.8):
    - React-jsc/Fabric (= 0.71.8)
    - React-jsi (= 0.71.8)
  - React-jsc/Fabric (0.71.8):
    - React-jsi (= 0.71.8)
  - React-jsi (0.71.8):
    - boost (= 1.76.0)
    - DoubleConversion
    - glog
    - RCT-Folly (= 2021.07.22.00)
  - React-jsiexecutor (0.71.8):
    - DoubleConversion
    - glog
    - RCT-Folly (= 2021.07.22.00)
    - React-cxxreact (= 0.71.8)
    - React-jsi (= 0.71.8)
    - React-perflogger (= 0.71.8)
  - React-jsinspector (0.71.8)
  - React-logger (0.71.8):
    - glog
  - react-native-maps (1.7.1):
    - React-Core
  - react-native-safe-area-context (4.5.2):
    - RCT-Folly
    - RCTRequired
    - RCTTypeSafety
    - React-Core
    - ReactCommon/turbomodule/core
  - react-native-webview (12.0.2):
    - React-Core
  - React-perflogger (0.71.8)
  - React-RCTActionSheet (0.71.8):
    - React-Core/RCTActionSheetHeaders (= 0.71.8)
  - React-RCTAnimation (0.71.8):
    - RCT-Folly (= 2021.07.22.00)
    - RCTTypeSafety (= 0.71.8)
    - React-Codegen (= 0.71.8)
    - React-Core/RCTAnimationHeaders (= 0.71.8)
    - React-jsi (= 0.71.8)
    - ReactCommon/turbomodule/core (= 0.71.8)
  - React-RCTAppDelegate (0.71.8):
    - RCT-Folly
    - RCTRequired
    - RCTTypeSafety
    - React-Core
    - ReactCommon/turbomodule/core
  - React-RCTBlob (0.71.8):
    - RCT-Folly (= 2021.07.22.00)
    - React-Codegen (= 0.71.8)
    - React-Core/RCTBlobHeaders (= 0.71.8)
    - React-Core/RCTWebSocket (= 0.71.8)
    - React-jsi (= 0.71.8)
    - React-RCTNetwork (= 0.71.8)
    - ReactCommon/turbomodule/core (= 0.71.8)
  - React-RCTImage (0.71.8):
    - RCT-Folly (= 2021.07.22.00)
    - RCTTypeSafety (= 0.71.8)
    - React-Codegen (= 0.71.8)
    - React-Core/RCTImageHeaders (= 0.71.8)
    - React-jsi (= 0.71.8)
    - React-RCTNetwork (= 0.71.8)
    - ReactCommon/turbomodule/core (= 0.71.8)
  - React-RCTLinking (0.71.8):
    - React-Codegen (= 0.71.8)
    - React-Core/RCTLinkingHeaders (= 0.71.8)
    - React-jsi (= 0.71.8)
    - ReactCommon/turbomodule/core (= 0.71.8)
  - React-RCTNetwork (0.71.8):
    - RCT-Folly (= 2021.07.22.00)
    - RCTTypeSafety (= 0.71.8)
    - React-Codegen (= 0.71.8)
    - React-Core/RCTNetworkHeaders (= 0.71.8)
    - React-jsi (= 0.71.8)
    - ReactCommon/turbomodule/core (= 0.71.8)
  - React-RCTSettings (0.71.8):
    - RCT-Folly (= 2021.07.22.00)
    - RCTTypeSafety (= 0.71.8)
    - React-Codegen (= 0.71.8)
    - React-Core/RCTSettingsHeaders (= 0.71.8)
    - React-jsi (= 0.71.8)
    - ReactCommon/turbomodule/core (= 0.71.8)
  - React-RCTText (0.71.8):
    - React-Core/RCTTextHeaders (= 0.71.8)
  - React-RCTVibration (0.71.8):
    - RCT-Folly (= 2021.07.22.00)
    - React-Codegen (= 0.71.8)
    - React-Core/RCTVibrationHeaders (= 0.71.8)
    - React-jsi (= 0.71.8)
    - ReactCommon/turbomodule/core (= 0.71.8)
  - React-runtimeexecutor (0.71.8):
    - React-jsi (= 0.71.8)
  - ReactCommon/turbomodule/bridging (0.71.8):
    - DoubleConversion
    - glog
    - RCT-Folly (= 2021.07.22.00)
    - React-callinvoker (= 0.71.8)
    - React-Core (= 0.71.8)
    - React-cxxreact (= 0.71.8)
    - React-jsi (= 0.71.8)
    - React-logger (= 0.71.8)
    - React-perflogger (= 0.71.8)
  - ReactCommon/turbomodule/core (0.71.8):
    - DoubleConversion
    - glog
    - RCT-Folly (= 2021.07.22.00)
    - React-callinvoker (= 0.71.8)
    - React-Core (= 0.71.8)
    - React-cxxreact (= 0.71.8)
    - React-jsi (= 0.71.8)
    - React-logger (= 0.71.8)
    - React-perflogger (= 0.71.8)
  - RNCAsyncStorage (1.18.1):
    - React-Core
  - RNFBApp (15.0.0):
    - Firebase/CoreOnly (= 9.1.0)
    - React-Core
  - RNFBAuth (15.0.0):
    - Firebase/Auth (= 9.1.0)
    - React-Core
    - RNFBApp
  - RNFBFunctions (15.0.0):
    - Firebase/Functions (= 9.1.0)
    - React-Core
    - RNFBApp
  - RNGestureHandler (2.10.0):
    - React-Core
  - RNScreens (3.20.0):
    - React-Core
    - React-RCTImage
  - RNSVG (13.9.0):
    - React-Core
  - RNVectorIcons (9.2.0):
    - React-Core
  - Stripe (23.7.1):
    - StripeApplePay (= 23.7.1)
    - StripeCore (= 23.7.1)
    - StripePayments (= 23.7.1)
    - StripePaymentsUI (= 23.7.1)
    - StripeUICore (= 23.7.1)
  - stripe-react-native (0.27.1):
    - React-Core
    - Stripe (~> 23.7.0)
    - StripeApplePay (~> 23.7.0)
    - StripeFinancialConnections (~> 23.7.0)
    - StripePayments (~> 23.7.0)
    - StripePaymentSheet (~> 23.7.0)
    - StripePaymentsUI (~> 23.7.0)
  - StripeApplePay (23.7.1):
    - StripeCore (= 23.7.1)
  - StripeCore (23.7.1)
  - StripeFinancialConnections (23.7.1):
    - StripeCore (= 23.7.1)
    - StripeUICore (= 23.7.1)
  - StripePayments (23.7.1):
    - StripeCore (= 23.7.1)
    - StripePayments/Stripe3DS2 (= 23.7.1)
  - StripePayments/Stripe3DS2 (23.7.1):
    - StripeCore (= 23.7.1)
  - StripePaymentSheet (23.7.1):
    - StripeApplePay (= 23.7.1)
    - StripeCore (= 23.7.1)
    - StripePayments (= 23.7.1)
    - StripePaymentsUI (= 23.7.1)
  - StripePaymentsUI (23.7.1):
    - StripeCore (= 23.7.1)
    - StripePayments (= 23.7.1)
    - StripeUICore (= 23.7.1)
  - StripeUICore (23.7.1):
    - StripeCore (= 23.7.1)
  - Yoga (1.14.0)

DEPENDENCIES:
  - boost (from `../node_modules/react-native/third-party-podspecs/boost.podspec`)
  - DoubleConversion (from `../node_modules/react-native/third-party-podspecs/DoubleConversion.podspec`)
  - FBLazyVector (from `../node_modules/react-native/Libraries/FBLazyVector`)
  - FBReactNativeSpec (from `../node_modules/react-native/React/FBReactNativeSpec`)
  - glog (from `../node_modules/react-native/third-party-podspecs/glog.podspec`)
  - lottie-ios (from `../node_modules/lottie-ios`)
  - lottie-react-native (from `../node_modules/lottie-react-native`)
  - RCT-Folly (from `../node_modules/react-native/third-party-podspecs/RCT-Folly.podspec`)
  - RCTRequired (from `../node_modules/react-native/Libraries/RCTRequired`)
  - RCTTypeSafety (from `../node_modules/react-native/Libraries/TypeSafety`)
  - React (from `../node_modules/react-native/`)
  - React-callinvoker (from `../node_modules/react-native/ReactCommon/callinvoker`)
  - React-Codegen (from `build/generated/ios`)
  - React-Core (from `../node_modules/react-native/`)
  - React-Core/RCTWebSocket (from `../node_modules/react-native/`)
  - React-CoreModules (from `../node_modules/react-native/React/CoreModules`)
  - React-cxxreact (from `../node_modules/react-native/ReactCommon/cxxreact`)
  - React-jsc (from `../node_modules/react-native/ReactCommon/jsc`)
  - React-jsi (from `../node_modules/react-native/ReactCommon/jsi`)
  - React-jsiexecutor (from `../node_modules/react-native/ReactCommon/jsiexecutor`)
  - React-jsinspector (from `../node_modules/react-native/ReactCommon/jsinspector`)
  - React-logger (from `../node_modules/react-native/ReactCommon/logger`)
  - react-native-maps (from `../node_modules/react-native-maps`)
  - react-native-safe-area-context (from `../node_modules/react-native-safe-area-context`)
  - react-native-webview (from `../node_modules/react-native-webview`)
  - React-perflogger (from `../node_modules/react-native/ReactCommon/reactperflogger`)
  - React-RCTActionSheet (from `../node_modules/react-native/Libraries/ActionSheetIOS`)
  - React-RCTAnimation (from `../node_modules/react-native/Libraries/NativeAnimation`)
  - React-RCTAppDelegate (from `../node_modules/react-native/Libraries/AppDelegate`)
  - React-RCTBlob (from `../node_modules/react-native/Libraries/Blob`)
  - React-RCTImage (from `../node_modules/react-native/Libraries/Image`)
  - React-RCTLinking (from `../node_modules/react-native/Libraries/LinkingIOS`)
  - React-RCTNetwork (from `../node_modules/react-native/Libraries/Network`)
  - React-RCTSettings (from `../node_modules/react-native/Libraries/Settings`)
  - React-RCTText (from `../node_modules/react-native/Libraries/Text`)
  - React-RCTVibration (from `../node_modules/react-native/Libraries/Vibration`)
  - React-runtimeexecutor (from `../node_modules/react-native/ReactCommon/runtimeexecutor`)
  - ReactCommon/turbomodule/core (from `../node_modules/react-native/ReactCommon`)
  - "RNCAsyncStorage (from `../node_modules/@react-native-async-storage/async-storage`)"
  - "RNFBApp (from `../node_modules/@react-native-firebase/app`)"
  - "RNFBAuth (from `../node_modules/@react-native-firebase/auth`)"
  - "RNFBFunctions (from `../node_modules/@react-native-firebase/functions`)"
  - RNGestureHandler (from `../node_modules/react-native-gesture-handler`)
  - RNScreens (from `../node_modules/react-native-screens`)
  - RNSVG (from `../node_modules/react-native-svg`)
  - RNVectorIcons (from `../node_modules/react-native-vector-icons`)
  - "stripe-react-native (from `../node_modules/@stripe/stripe-react-native`)"
  - Yoga (from `../node_modules/react-native/ReactCommon/yoga`)

SPEC REPOS:
  trunk:
    - Firebase
    - FirebaseAppCheckInterop
    - FirebaseAuth
    - FirebaseAuthInterop
    - FirebaseCore
    - FirebaseCoreDiagnostics
    - FirebaseCoreExtension
    - FirebaseCoreInternal
    - FirebaseFunctions
    - FirebaseMessagingInterop
    - FirebaseSharedSwift
    - fmt
    - GoogleDataTransport
    - GoogleUtilities
    - GTMSessionFetcher
    - nanopb
    - PromisesObjC
    - Stripe
    - StripeApplePay
    - StripeCore
    - StripeFinancialConnections
    - StripePayments
    - StripePaymentSheet
    - StripePaymentsUI
    - StripeUICore

EXTERNAL SOURCES:
  boost:
    :podspec: "../node_modules/react-native/third-party-podspecs/boost.podspec"
  DoubleConversion:
    :podspec: "../node_modules/react-native/third-party-podspecs/DoubleConversion.podspec"
  FBLazyVector:
    :path: "../node_modules/react-native/Libraries/FBLazyVector"
  FBReactNativeSpec:
    :path: "../node_modules/react-native/React/FBReactNativeSpec"
  glog:
    :podspec: "../node_modules/react-native/third-party-podspecs/glog.podspec"
  lottie-ios:
    :path: "../node_modules/lottie-ios"
  lottie-react-native:
    :path: "../node_modules/lottie-react-native"
  RCT-Folly:
    :podspec: "../node_modules/react-native/third-party-podspecs/RCT-Folly.podspec"
  RCTRequired:
    :path: "../node_modules/react-native/Libraries/RCTRequired"
  RCTTypeSafety:
    :path: "../node_modules/react-native/Libraries/TypeSafety"
  React:
    :path: "../node_modules/react-native/"
  React-callinvoker:
    :path: "../node_modules/react-native/ReactCommon/callinvoker"
  React-Codegen:
    :path: build/generated/ios
  React-Core:
    :path: "../node_modules/react-native/"
  React-CoreModules:
    :path: "../node_modules/react-native/React/CoreModules"
  React-cxxreact:
    :path: "../node_modules/react-native/ReactCommon/cxxreact"
  React-jsc:
    :path: "../node_modules/react-native/ReactCommon/jsc"
  React-jsi:
    :path: "../node_modules/react-native/ReactCommon/jsi"
  React-jsiexecutor:
    :path: "../node_modules/react-native/ReactCommon/jsiexecutor"
  React-jsinspector:
    :path: "../node_modules/react-native/ReactCommon/jsinspector"
  React-logger:
    :path: "../node_modules/react-native/ReactCommon/logger"
  react-native-maps:
    :path: "../node_modules/react-native-maps"
  react-native-safe-area-context:
    :path: "../node_modules/react-native-safe-area-context"
  react-native-webview:
    :path: "../node_modules/react-native-webview"
  React-perflogger:
    :path: "../node_modules/react-native/ReactCommon/reactperflogger"
  React-RCTActionSheet:
    :path: "../node_modules/react-native/Libraries/ActionSheetIOS"
  React-RCTAnimation:
    :path: "../node_modules/react-native/Libraries/NativeAnimation"
  React-RCTAppDelegate:
    :path: "../node_modules/react-native/Libraries/AppDelegate"
  React-RCTBlob:
    :path: "../node_modules/react-native/Libraries/Blob"
  React-RCTImage:
    :path: "../node_modules/react-native/Libraries/Image"
  React-RCTLinking:
    :path: "../node_modules/react-native/Libraries/LinkingIOS"
  React-RCTNetwork:
    :path: "../node_modules/react-native/Libraries/Network"
  React-RCTSettings:
    :path: "../node_modules/react-native/Libraries/Settings"
  React-RCTText:
    :path: "../node_modules/react-native/Libraries/Text"
  React-RCTVibration:
    :path: "../node_modules/react-native/Libraries/Vibration"
  React-runtimeexecutor:
    :path: "../node_modules/react-native/ReactCommon/runtimeexecutor"
  ReactCommon:
    :path: "../node_modules/react-native/ReactCommon"
  RNCAsyncStorage:
    :path: "../node_modules/@react-native-async-storage/async-storage"
  RNFBApp:
    :path: "../node_modules/@react-native-firebase/app"
  RNFBAuth:
    :path: "../node_modules/@react-native-firebase/auth"
  RNFBFunctions:
    :path: "../node_modules/@react-native-firebase/functions"
  RNGestureHandler:
    :path: "../node_modules/react-native-gesture-handler"
  RNScreens:
    :path: "../node_modules/react-native-screens"
  RNSVG:
    :path: "../node_modules/react-native-svg"
  RNVectorIcons:
    :path: "../node_modules/react-native-vector-icons"
  stripe-react-native:
    :path: "../node_modules/@stripe/stripe-react-native"
  Yoga:
    :path: "../node_modules/react-native/ReactCommon/yoga"

SPEC CHECKSUMS:
  boost: 57d2868c099736d80fcd648bf211b4431e51a558
  DoubleConversion: 5189b271737e1565bdce30deb4a08d647e3f5f54
  FBLazyVector: f637f31eacba90d4fdeff3fa41608b8f361c173b
  FBReactNativeSpec: 0d9a4f4de7ab614c49e98c00aedfd3bfbda33d59
  Firebase: 91c243d75573ac6e7c9735ec859b72bffb61347d
  FirebaseAppCheckInterop: d5ecda0c09f8069406643d6e0fa12c09d1b736e3
  FirebaseAuth: 77247e07732ec5cdb20cc58ef40ad84d2fcce847
  FirebaseAuthInterop: b6cf02117f13a8400c8c8b4421e12c6e850bcaf3
  FirebaseCore: b7bfc258e996eada23b3666bd6b9a22ca092acb8
  FirebaseCoreDiagnostics: 99a495094b10a57eeb3ae8efa1665700ad0bdaa6
  FirebaseCoreExtension: e83465d1236b166d1d445bbf0e82b65acb30b73b
  FirebaseCoreInternal: bca76517fe1ed381e989f5e7d8abb0da8d85bed3
  FirebaseFunctions: 709f13ce67c1df045831b85d38fbe18357003e04
  FirebaseMessagingInterop: 348785028509e1a5a9af277123e7fc08b2d17306
  FirebaseSharedSwift: 2269c2ddc7a5efb7fb5f3f3177e790613b52dfda
  fmt: ff9d55029c625d3757ed641535fd4a75fedc7ce9
  glog: 04b94705f318337d7ead9e6d17c019bd9b1f6b1b
  GoogleDataTransport: f0308f5905a745f94fb91fea9c6cbaf3831cb1bd
  GoogleUtilities: 9aa0ad5a7bc171f8bae016300bfcfa3fb8425749
  GTMSessionFetcher: 3a63d75eecd6aa32c2fc79f578064e1214dfdec2
  lottie-ios: 69495122151a378fdc7d1bb4c5930347e37baf1f
  lottie-react-native: 3e722c63015fdb9c27638b0a77969fc412067c18
  nanopb: b552cce312b6c8484180ef47159bc0f65a1f0431
  PromisesObjC: 09985d6d70fbe7878040aa746d78236e6946d2ef
  RCT-Folly: 424b8c9a7a0b9ab2886ffe9c3b041ef628fd4fb1
  RCTRequired: 8af6a32dfc2b65ec82193c2dee6e1011ff22ac2a
  RCTTypeSafety: bee9dd161c175896c680d47ef1d9eaacf2b587f4
  React: d850475db9ba8006a8b875d79e1e0d6ac8a0f8b6
  React-callinvoker: 6a0c75475ddc17c9ed54e4ff0478074a18fd7ab5
  React-Codegen: 26e2dc1e6c5f625dbd7c3d6be56c93c2da5a30b6
  React-Core: 1e838e49ad862ce54778654b0609983eaaad7cd6
  React-CoreModules: 958d236715415d4ccdd5fa35c516cf0356637393
  React-cxxreact: 92df23ee6120eecc2fdf5ce26c4e3a64ced3307e
  React-jsc: 8b399c43246460b7251ac479058ea9939692dd34
  React-jsi: 8aebc88463f27eeed55b5136919c7ce7a087c653
  React-jsiexecutor: 9101857bcffac8dae43d76a7bc0a39bda593c756
  React-jsinspector: c712f9e3bb9ba4122d6b82b4f906448b8a281580
  React-logger: 342f358b8decfbf8f272367f4eacf4b6154061be
  react-native-maps: 667f9b975549c6fa9b1631bf859440f68ebd3b8f
  react-native-safe-area-context: 1d596539b05a78f2b346e954e7c577f6f9be7544
  react-native-webview: 203b6a1c7507737f777c91d7e10c30e7e67c1a17
  React-perflogger: d21f182895de9d1b077f8a3cd00011095c8c9100
  React-RCTActionSheet: 0151f83ef92d2a7139bba7dfdbc8066632a6d47b
  React-RCTAnimation: 5ec9c0705bb2297549c120fe6473aa3e4a01e215
  React-RCTAppDelegate: 6e5e88bfe52c56fa887130a7ed1663e929baadfc
  React-RCTBlob: 5d799e91fe570dbf618f2e4d80796fd66c088f42
  React-RCTImage: 3c12cb32dec49549ae62ed6cba4018db43841ffc
  React-RCTLinking: 310e930ee335ef25481b4a173d9edb64b77895f9
  React-RCTNetwork: b6837841fe88303b0c04c1e3c01992b30f1f5498
  React-RCTSettings: 600d91fe25fa7c16b0ff891304082440f2904b89
  React-RCTText: a0a19f749088280c6def5397ed6211b811e7eef3
  React-RCTVibration: 43ffd976a25f6057a7cf95ea3648ba4e00287f89
  React-runtimeexecutor: 7c51ae9d4b3e9608a2366e39ccaa606aa551b9ed
  ReactCommon: 868466840f051b8cb5b8309b3bdffbb14351fbe0
  RNCAsyncStorage: b90b71f45b8b97be43bc4284e71a6af48ac9f547
  RNFBApp: 9edb3febb5ef4ca4ef19a9b7c3e78b003b3f5607
  RNFBAuth: 1bb8b798359adfe67876261804dea5e5edcb4a5c
  RNFBFunctions: a99a0eac7c6101168ca6a3ef011eafd056e191d2
  RNGestureHandler: e145476da655f3dbc48ef2f0a08cf7a34338c02b
  RNScreens: 218801c16a2782546d30bd2026bb625c0302d70f
  RNSVG: 53c661b76829783cdaf9b7a57258f3d3b4c28315
  RNVectorIcons: fcc2f6cb32f5735b586e66d14103a74ce6ad61f8
  Stripe: fbe3d1d61cba70ac7a920c6097222ba9525352c4
  stripe-react-native: 2bde12b90d52ef4a25830a38f28df1ad2e432d09
  StripeApplePay: 06e3899c9db102567804b77c41cec2861b5e2c39
  StripeCore: 9b331e5f9d4067ef7296718c680a73ad6f2d1066
  StripeFinancialConnections: 7d8116c4dcd3b034f13a181b4d96e6991b594cfc
  StripePayments: 46fbd561312cb300c93dd855b9c896285c8eb1fb
  StripePaymentSheet: 016fd1c6053efff1f348fc6f44babecacda9d0af
  StripePaymentsUI: cb06c01d3c9efde91ebce218f9e4e94e902dd676
  StripeUICore: a9db3f2a82c932d5ca58dd8fc4ac0a6b72f1ccee
  Yoga: 065f0b74dba4832d6e328238de46eb72c5de9556

PODFILE CHECKSUM: 719e49f40073724e29f68373eda56f82cf946d9b

COCOAPODS: 1.12.0
